
Microsoft Visual Studio Solution File, Format Version 12.00
# Visual Studio Version 17
VisualStudioVersion = 17.8.34330.188
MinimumVisualStudioVersion = 10.0.40219.1
Project("{FAE04EC0-301F-11D3-BF4B-00C04F79EFBC}") = "hud-enhanced", "hud-enhanced\hud-enhanced.csproj", "{A8C70B5B-E8E3-4620-B465-B61FFFE9588D}"
EndProject
Global
	GlobalSection(SolutionConfigurationPlatforms) = preSolution
		Debug|Any CPU = Debug|Any CPU
		Release|Any CPU = Release|Any CPU
	EndGlobalSection
	GlobalSection(ProjectConfigurationPlatforms) = postSolution
		{A8C70B5B-E8E3-4620-B465-B61FFFE9588D}.Debug|Any CPU.ActiveCfg = Debug|Any CPU
		{A8C70B5B-E8E3-4620-B465-B61FFFE9588D}.Debug|Any CPU.Build.0 = Debug|Any CPU
		{A8C70B5B-E8E3-4620-B465-B61FFFE9588D}.Release|Any CPU.ActiveCfg = Release|Any CPU
		{A8C70B5B-E8E3-4620-B465-B61FFFE9588D}.Release|Any CPU.Build.0 = Release|Any CPU
	EndGlobalSection
	GlobalSection(SolutionProperties) = preSolution
		HideSolutionNode = FALSE
	EndGlobalSection
	GlobalSection(ExtensibilityGlobals) = postSolution
		SolutionGuid = {72C5CB43-E067-4AFC-9281-CBE6FC541BAF}
	EndGlobalSection
EndGlobal
